PODS:
  - DACircularProgress (2.3.1)
  - DFImageManager (2.0.1):
    - DFImageManager/Core (= 2.0.1)
    - DFImageManager/UI (= 2.0.1)
  - DFImageManager/Core (2.0.1)
  - DFImageManager/GIF (2.0.1):
    - DFImageManager/Core
    - DFImageManager/UI
    - FLAnimatedImage (~> 1.0)
  - DFImageManager/UI (2.0.1):
    - DFImageManager/Core
  - FLAnimatedImage (1.0.12)
  - pop (1.0.9)
  - SDWebImage (4.0.0):
    - SDWebImage/Core (= 4.0.0)
  - SDWebImage/Core (4.0.0)

DEPENDENCIES:
  - DACircularProgress
  - DFImageManager (~> 2.0)
  - DFImageManager/GIF
  - pop
  - SDWebImage

SPEC CHECKSUMS:
  DACircularProgress: 4dd437c0fc3da5161cb289e07ac449493d41db71
  DFImageManager: c19b62a3e15d89f3532ae6fdb222531ec7e811b1
  FLAnimatedImage: 4a0b56255d9b05f18b6dd7ee06871be5d3b89e31
  pop: f667631a5108a2e60d9e8797c9b32ddaf2080bce
  SDWebImage: 76a6348bdc74eb5a55dd08a091ef298e56b55e41

PODFILE CHECKSUM: 4a4c9a0fdd0fb2e694350216ac54bfdd05c9d24c

COCOAPODS: 1.4.0
